
Microsoft Visual Studio Solution File, Format Version 12.00
# Visual Studio Version 17
VisualStudioVersion = 17.3.32728.150
MinimumVisualStudioVersion = 10.0.40219.1
Project("{FAE04EC0-301F-11D3-BF4B-00C04F79EFBC}") = "Playing-with-Azure-and-Terraform", "Playing-with-Azure-and-Terraform\Playing-with-Azure-and-Terraform.csproj", "{77C5D7F7-DD2B-43F6-BD18-B15696C0DBE3}"
EndProject
Global
	GlobalSection(SolutionConfigurationPlatforms) = preSolution
		Debug|Any CPU = Debug|Any CPU
		Release|Any CPU = Release|Any CPU
	EndGlobalSection
	GlobalSection(ProjectConfigurationPlatforms) = postSolution
		{77C5D7F7-DD2B-43F6-BD18-B15696C0DBE3}.Debug|Any CPU.ActiveCfg = Debug|Any CPU
		{77C5D7F7-DD2B-43F6-BD18-B15696C0DBE3}.Debug|Any CPU.Build.0 = Debug|Any CPU
		{77C5D7F7-DD2B-43F6-BD18-B15696C0DBE3}.Release|Any CPU.ActiveCfg = Release|Any CPU
		{77C5D7F7-DD2B-43F6-BD18-B15696C0DBE3}.Release|Any CPU.Build.0 = Release|Any CPU
	EndGlobalSection
	GlobalSection(SolutionProperties) = preSolution
		HideSolutionNode = FALSE
	EndGlobalSection
	GlobalSection(ExtensibilityGlobals) = postSolution
		SolutionGuid = {4FF4FD77-4F8A-435B-A9B8-D01E4CBFAE27}
	EndGlobalSection
EndGlobal
